// !$*UTF8*$!
{
	archiveVersion = 1;
	classes = {
	};
	objectVersion = 50;
	objects = {

/* Begin PBXGroup section */
		B1CDDC1D23672C4800F25A61 = {
			isa = PBXGroup;
			children = (
			);
			sourceTree = "<group>";
		};
/* End PBXGroup section */

/* Begin PBXProject section */
		B1CDDC1E23672C4800F25A61 /* Project object */ = {
			isa = PBXProject;
			attributes = {
				LastUpgradeCheck = 1110;
			};
			buildConfigurationList = B1CDDC2123672C4800F25A61 /* Build configuration list for PBXProject "LearnGit" */;
			compatibilityVersion = "Xcode 9.3";
			developmentRegion = en;
			hasScannedForEncodings = 0;
			knownRegions = (
				en,
				Base,
			);
			mainGroup = B1CDDC1D23672C4800F25A61;
			projectDirPath = "";
			projectRoot = "";
			targets = (
			);
		};
/* End PBXProject section */

/* Begin XCBuildConfiguration section */
		B1CDDC2223672C4800F25A61 /* Debug */ = {
			isa = XCBuildConfiguration;
			buildSettings = {
			};
			name = Debug;
		};
		B1CDDC2323672C4800F25A61 /* Release */ = {
			isa = XCBuildConfiguration;
			buildSettings = {
			};
			name = Release;
		};
/* End XCBuildConfiguration section */

/* Begin XCConfigurationList section */
		B1CDDC2123672C4800F25A61 /* Build configuration list for PBXProject "LearnGit" */ = {
			isa = XCConfigurationList;
			buildConfigurations = (
				B1CDDC2223672C4800F25A61 /* Debug */,
				B1CDDC2323672C4800F25A61 /* Release */,
			);
			defaultConfigurationIsVisible = 0;
			defaultConfigurationName = Release;
		};
/* End XCConfigurationList section */
	};
	rootObject = B1CDDC1E23672C4800F25A61 /* Project object */;
}
